
Microsoft Visual Studio Solution File, Format Version 12.00
# Visual Studio 14
VisualStudioVersion = 14.0.25420.1
MinimumVisualStudioVersion = 10.0.40219.1
Project("{FAE04EC0-301F-11D3-BF4B-00C04F79EFBC}") = "ManaBob.Droid", "ManaBob\ManaBob.Droid\ManaBob.Droid.csproj", "{DD1284A5-0EC3-4219-AE13-7F923DA6D02E}"
EndProject
Project("{FAE04EC0-301F-11D3-BF4B-00C04F79EFBC}") = "ManaBob.iOS", "ManaBob\ManaBob.iOS\ManaBob.iOS.csproj", "{3150D510-44AA-45AC-BB84-19E45CBD4483}"
EndProject
Project("{FAE04EC0-301F-11D3-BF4B-00C04F79EFBC}") = "ManaBob.UWP", "ManaBob\ManaBob.UWP\ManaBob.UWP.csproj", "{8C013D22-B680-426E-A4B4-ECDC870117DB}"
EndProject
Project("{D954291E-2A0B-460D-934E-DC6B0785DB48}") = "ManaBob", "ManaBob\ManaBob\ManaBob.shproj", "{F528AA14-C32A-4420-8FB8-B3925878D8A3}"
EndProject
Global
	GlobalSection(SharedMSBuildProjectFiles) = preSolution
		ManaBob\ManaBob\ManaBob.projitems*{3150d510-44aa-45ac-bb84-19e45cbd4483}*SharedItemsImports = 4
		ManaBob\ManaBob\ManaBob.projitems*{8c013d22-b680-426e-a4b4-ecdc870117db}*SharedItemsImports = 4
		ManaBob\ManaBob\ManaBob.projitems*{dd1284a5-0ec3-4219-ae13-7f923da6d02e}*SharedItemsImports = 4
		ManaBob\ManaBob\ManaBob.projitems*{f528aa14-c32a-4420-8fb8-b3925878d8a3}*SharedItemsImports = 13
	EndGlobalSection
	GlobalSection(SolutionConfigurationPlatforms) = preSolution
		Ad-Hoc|Any CPU = Ad-Hoc|Any CPU
		Ad-Hoc|ARM = Ad-Hoc|ARM
		Ad-Hoc|iPhone = Ad-Hoc|iPhone
		Ad-Hoc|iPhoneSimulator = Ad-Hoc|iPhoneSimulator
		Ad-Hoc|x64 = Ad-Hoc|x64
		Ad-Hoc|x86 = Ad-Hoc|x86
		AppStore|Any CPU = AppStore|Any CPU
		AppStore|ARM = AppStore|ARM
		AppStore|iPhone = AppStore|iPhone
		AppStore|iPhoneSimulator = AppStore|iPhoneSimulator
		AppStore|x64 = AppStore|x64
		AppStore|x86 = AppStore|x86
		Debug|Any CPU = Debug|Any CPU
		Debug|ARM = Debug|ARM
		Debug|iPhone = Debug|iPhone
		Debug|iPhoneSimulator = Debug|iPhoneSimulator
		Debug|x64 = Debug|x64
		Debug|x86 = Debug|x86
		Release|Any CPU = Release|Any CPU
		Release|ARM = Release|ARM
		Release|iPhone = Release|iPhone
		Release|iPhoneSimulator = Release|iPhoneSimulator
		Release|x64 = Release|x64
		Release|x86 = Release|x86
	EndGlobalSection
	GlobalSection(ProjectConfigurationPlatforms) = postSolution
		{DD1284A5-0EC3-4219-AE13-7F923DA6D02E}.Ad-Hoc|Any CPU.ActiveCfg = Release|Any CPU
		{DD1284A5-0EC3-4219-AE13-7F923DA6D02E}.Ad-Hoc|Any CPU.Build.0 = Release|Any CPU
		{DD1284A5-0EC3-4219-AE13-7F923DA6D02E}.Ad-Hoc|Any CPU.Deploy.0 = Release|Any CPU
		{DD1284A5-0EC3-4219-AE13-7F923DA6D02E}.Ad-Hoc|ARM.ActiveCfg = Release|Any CPU
		{DD1284A5-0EC3-4219-AE13-7F923DA6D02E}.Ad-Hoc|ARM.Build.0 = Release|Any CPU
		{DD1284A5-0EC3-4219-AE13-7F923DA6D02E}.Ad-Hoc|ARM.Deploy.0 = Release|Any CPU
		{DD1284A5-0EC3-4219-AE13-7F923DA6D02E}.Ad-Hoc|iPhone.ActiveCfg = Release|Any CPU
		{DD1284A5-0EC3-4219-AE13-7F923DA6D02E}.Ad-Hoc|iPhone.Build.0 = Release|Any CPU
		{DD1284A5-0EC3-4219-AE13-7F923DA6D02E}.Ad-Hoc|iPhone.Deploy.0 = Release|Any CPU
		{DD1284A5-0EC3-4219-AE13-7F923DA6D02E}.Ad-Hoc|iPhoneSimulator.ActiveCfg = Release|Any CPU
		{DD1284A5-0EC3-4219-AE13-7F923DA6D02E}.Ad-Hoc|iPhoneSimulator.Build.0 = Release|Any CPU
		{DD1284A5-0EC3-4219-AE13-7F923DA6D02E}.Ad-Hoc|iPhoneSimulator.Deploy.0 = Release|Any CPU
		{DD1284A5-0EC3-4219-AE13-7F923DA6D02E}.Ad-Hoc|x64.ActiveCfg = Release|Any CPU
		{DD1284A5-0EC3-4219-AE13-7F923DA6D02E}.Ad-Hoc|x64.Build.0 = Release|Any CPU
		{DD1284A5-0EC3-4219-AE13-7F923DA6D02E}.Ad-Hoc|x64.Deploy.0 = Release|Any CPU
		{DD1284A5-0EC3-4219-AE13-7F923DA6D02E}.Ad-Hoc|x86.ActiveCfg = Release|Any CPU
		{DD1284A5-0EC3-4219-AE13-7F923DA6D02E}.Ad-Hoc|x86.Build.0 = Release|Any CPU
		{DD1284A5-0EC3-4219-AE13-7F923DA6D02E}.Ad-Hoc|x86.Deploy.0 = Release|Any CPU
		{DD1284A5-0EC3-4219-AE13-7F923DA6D02E}.AppStore|Any CPU.ActiveCfg = Release|Any CPU
		{DD1284A5-0EC3-4219-AE13-7F923DA6D02E}.AppStore|Any CPU.Build.0 = Release|Any CPU
		{DD1284A5-0EC3-4219-AE13-7F923DA6D02E}.AppStore|Any CPU.Deploy.0 = Release|Any CPU
		{DD1284A5-0EC3-4219-AE13-7F923DA6D02E}.AppStore|ARM.ActiveCfg = Release|Any CPU
		{DD1284A5-0EC3-4219-AE13-7F923DA6D02E}.AppStore|ARM.Build.0 = Release|Any CPU
		{DD1284A5-0EC3-4219-AE13-7F923DA6D02E}.AppStore|ARM.Deploy.0 = Release|Any CPU
		{DD1284A5-0EC3-4219-AE13-7F923DA6D02E}.AppStore|iPhone.ActiveCfg = Release|Any CPU
		{DD1284A5-0EC3-4219-AE13-7F923DA6D02E}.AppStore|iPhone.Build.0 = Release|Any CPU
		{DD1284A5-0EC3-4219-AE13-7F923DA6D02E}.AppStore|iPhone.Deploy.0 = Release|Any CPU
		{DD1284A5-0EC3-4219-AE13-7F923DA6D02E}.AppStore|iPhoneSimulator.ActiveCfg = Release|Any CPU
		{DD1284A5-0EC3-4219-AE13-7F923DA6D02E}.AppStore|iPhoneSimulator.Build.0 = Release|Any CPU
		{DD1284A5-0EC3-4219-AE13-7F923DA6D02E}.AppStore|iPhoneSimulator.Deploy.0 = Release|Any CPU
		{DD1284A5-0EC3-4219-AE13-7F923DA6D02E}.AppStore|x64.ActiveCfg = Release|Any CPU
		{DD1284A5-0EC3-4219-AE13-7F923DA6D02E}.AppStore|x64.Build.0 = Release|Any CPU
		{DD1284A5-0EC3-4219-AE13-7F923DA6D02E}.AppStore|x64.Deploy.0 = Release|Any CPU
		{DD1284A5-0EC3-4219-AE13-7F923DA6D02E}.AppStore|x86.ActiveCfg = Release|Any CPU
		{DD1284A5-0EC3-4219-AE13-7F923DA6D02E}.AppStore|x86.Build.0 = Release|Any CPU
		{DD1284A5-0EC3-4219-AE13-7F923DA6D02E}.AppStore|x86.Deploy.0 = Release|Any CPU
		{DD1284A5-0EC3-4219-AE13-7F923DA6D02E}.Debug|Any CPU.ActiveCfg = Debug|Any CPU
		{DD1284A5-0EC3-4219-AE13-7F923DA6D02E}.Debug|Any CPU.Build.0 = Debug|Any CPU
		{DD1284A5-0EC3-4219-AE13-7F923DA6D02E}.Debug|Any CPU.Deploy.0 = Debug|Any CPU
		{DD1284A5-0EC3-4219-AE13-7F923DA6D02E}.Debug|ARM.ActiveCfg = Debug|Any CPU
		{DD1284A5-0EC3-4219-AE13-7F923DA6D02E}.Debug|ARM.Build.0 = Debug|Any CPU
		{DD1284A5-0EC3-4219-AE13-7F923DA6D02E}.Debug|ARM.Deploy.0 = Debug|Any CPU
		{DD1284A5-0EC3-4219-AE13-7F923DA6D02E}.Debug|iPhone.ActiveCfg = Debug|Any CPU
		{DD1284A5-0EC3-4219-AE13-7F923DA6D02E}.Debug|iPhone.Build.0 = Debug|Any CPU
		{DD1284A5-0EC3-4219-AE13-7F923DA6D02E}.Debug|iPhone.Deploy.0 = Debug|Any CPU
		{DD1284A5-0EC3-4219-AE13-7F923DA6D02E}.Debug|iPhoneSimulator.ActiveCfg = Debug|Any CPU
		{DD1284A5-0EC3-4219-AE13-7F923DA6D02E}.Debug|iPhoneSimulator.Build.0 = Debug|Any CPU
		{DD1284A5-0EC3-4219-AE13-7F923DA6D02E}.Debug|iPhoneSimulator.Deploy.0 = Debug|Any CPU
		{DD1284A5-0EC3-4219-AE13-7F923DA6D02E}.Debug|x64.ActiveCfg = Debug|Any CPU
		{DD1284A5-0EC3-4219-AE13-7F923DA6D02E}.Debug|x64.Build.0 = Debug|Any CPU
		{DD1284A5-0EC3-4219-AE13-7F923DA6D02E}.Debug|x64.Deploy.0 = Debug|Any CPU
		{DD1284A5-0EC3-4219-AE13-7F923DA6D02E}.Debug|x86.ActiveCfg = Debug|Any CPU
		{DD1284A5-0EC3-4219-AE13-7F923DA6D02E}.Debug|x86.Build.0 = Debug|Any CPU
		{DD1284A5-0EC3-4219-AE13-7F923DA6D02E}.Debug|x86.Deploy.0 = Debug|Any CPU
		{DD1284A5-0EC3-4219-AE13-7F923DA6D02E}.Release|Any CPU.ActiveCfg = Release|Any CPU
		{DD1284A5-0EC3-4219-AE13-7F923DA6D02E}.Release|Any CPU.Build.0 = Release|Any CPU
		{DD1284A5-0EC3-4219-AE13-7F923DA6D02E}.Release|Any CPU.Deploy.0 = Release|Any CPU
		{DD1284A5-0EC3-4219-AE13-7F923DA6D02E}.Release|ARM.ActiveCfg = Release|Any CPU
		{DD1284A5-0EC3-4219-AE13-7F923DA6D02E}.Release|ARM.Build.0 = Release|Any CPU
		{DD1284A5-0EC3-4219-AE13-7F923DA6D02E}.Release|ARM.Deploy.0 = Release|Any CPU
		{DD1284A5-0EC3-4219-AE13-7F923DA6D02E}.Release|iPhone.ActiveCfg = Release|Any CPU
		{DD1284A5-0EC3-4219-AE13-7F923DA6D02E}.Release|iPhone.Build.0 = Release|Any CPU
		{DD1284A5-0EC3-4219-AE13-7F923DA6D02E}.Release|iPhone.Deploy.0 = Release|Any CPU
		{DD1284A5-0EC3-4219-AE13-7F923DA6D02E}.Release|iPhoneSimulator.ActiveCfg = Release|Any CPU
		{DD1284A5-0EC3-4219-AE13-7F923DA6D02E}.Release|iPhoneSimulator.Build.0 = Release|Any CPU
		{DD1284A5-0EC3-4219-AE13-7F923DA6D02E}.Release|iPhoneSimulator.Deploy.0 = Release|Any CPU
		{DD1284A5-0EC3-4219-AE13-7F923DA6D02E}.Release|x64.ActiveCfg = Release|Any CPU
		{DD1284A5-0EC3-4219-AE13-7F923DA6D02E}.Release|x64.Build.0 = Release|Any CPU
		{DD1284A5-0EC3-4219-AE13-7F923DA6D02E}.Release|x64.Deploy.0 = Release|Any CPU
		{DD1284A5-0EC3-4219-AE13-7F923DA6D02E}.Release|x86.ActiveCfg = Release|Any CPU
		{DD1284A5-0EC3-4219-AE13-7F923DA6D02E}.Release|x86.Build.0 = Release|Any CPU
		{DD1284A5-0EC3-4219-AE13-7F923DA6D02E}.Release|x86.Deploy.0 = Release|Any CPU
		{3150D510-44AA-45AC-BB84-19E45CBD4483}.Ad-Hoc|Any CPU.ActiveCfg = Ad-Hoc|iPhone
		{3150D510-44AA-45AC-BB84-19E45CBD4483}.Ad-Hoc|ARM.ActiveCfg = Ad-Hoc|iPhone
		{3150D510-44AA-45AC-BB84-19E45CBD4483}.Ad-Hoc|iPhone.ActiveCfg = Ad-Hoc|iPhone
		{3150D510-44AA-45AC-BB84-19E45CBD4483}.Ad-Hoc|iPhone.Build.0 = Ad-Hoc|iPhone
		{3150D510-44AA-45AC-BB84-19E45CBD4483}.Ad-Hoc|iPhoneSimulator.ActiveCfg = Ad-Hoc|iPhoneSimulator
		{3150D510-44AA-45AC-BB84-19E45CBD4483}.Ad-Hoc|iPhoneSimulator.Build.0 = Ad-Hoc|iPhoneSimulator
		{3150D510-44AA-45AC-BB84-19E45CBD4483}.Ad-Hoc|x64.ActiveCfg = Ad-Hoc|iPhone
		{3150D510-44AA-45AC-BB84-19E45CBD4483}.Ad-Hoc|x86.ActiveCfg = Ad-Hoc|iPhone
		{3150D510-44AA-45AC-BB84-19E45CBD4483}.AppStore|Any CPU.ActiveCfg = AppStore|iPhone
		{3150D510-44AA-45AC-BB84-19E45CBD4483}.AppStore|ARM.ActiveCfg = AppStore|iPhone
		{3150D510-44AA-45AC-BB84-19E45CBD4483}.AppStore|iPhone.ActiveCfg = AppStore|iPhone
		{3150D510-44AA-45AC-BB84-19E45CBD4483}.AppStore|iPhone.Build.0 = AppStore|iPhone
		{3150D510-44AA-45AC-BB84-19E45CBD4483}.AppStore|iPhoneSimulator.ActiveCfg = AppStore|iPhoneSimulator
		{3150D510-44AA-45AC-BB84-19E45CBD4483}.AppStore|iPhoneSimulator.Build.0 = AppStore|iPhoneSimulator
		{3150D510-44AA-45AC-BB84-19E45CBD4483}.AppStore|x64.ActiveCfg = AppStore|iPhone
		{3150D510-44AA-45AC-BB84-19E45CBD4483}.AppStore|x86.ActiveCfg = AppStore|iPhone
		{3150D510-44AA-45AC-BB84-19E45CBD4483}.Debug|Any CPU.ActiveCfg = Debug|iPhone
		{3150D510-44AA-45AC-BB84-19E45CBD4483}.Debug|ARM.ActiveCfg = Debug|iPhone
		{3150D510-44AA-45AC-BB84-19E45CBD4483}.Debug|iPhone.ActiveCfg = Debug|iPhone
		{3150D510-44AA-45AC-BB84-19E45CBD4483}.Debug|iPhone.Build.0 = Debug|iPhone
		{3150D510-44AA-45AC-BB84-19E45CBD4483}.Debug|iPhoneSimulator.ActiveCfg = Debug|iPhoneSimulator
		{3150D510-44AA-45AC-BB84-19E45CBD4483}.Debug|iPhoneSimulator.Build.0 = Debug|iPhoneSimulator
		{3150D510-44AA-45AC-BB84-19E45CBD4483}.Debug|x64.ActiveCfg = Debug|iPhone
		{3150D510-44AA-45AC-BB84-19E45CBD4483}.Debug|x86.ActiveCfg = Debug|iPhone
		{3150D510-44AA-45AC-BB84-19E45CBD4483}.Release|Any CPU.ActiveCfg = Release|iPhone
		{3150D510-44AA-45AC-BB84-19E45CBD4483}.Release|ARM.ActiveCfg = Release|iPhone
		{3150D510-44AA-45AC-BB84-19E45CBD4483}.Release|iPhone.ActiveCfg = Release|iPhone
		{3150D510-44AA-45AC-BB84-19E45CBD4483}.Release|iPhone.Build.0 = Release|iPhone
		{3150D510-44AA-45AC-BB84-19E45CBD4483}.Release|iPhoneSimulator.ActiveCfg = Release|iPhoneSimulator
		{3150D510-44AA-45AC-BB84-19E45CBD4483}.Release|iPhoneSimulator.Build.0 = Release|iPhoneSimulator
		{3150D510-44AA-45AC-BB84-19E45CBD4483}.Release|x64.ActiveCfg = Release|iPhone
		{3150D510-44AA-45AC-BB84-19E45CBD4483}.Release|x86.ActiveCfg = Release|iPhone
		{8C013D22-B680-426E-A4B4-ECDC870117DB}.Ad-Hoc|Any CPU.ActiveCfg = Release|x86
		{8C013D22-B680-426E-A4B4-ECDC870117DB}.Ad-Hoc|Any CPU.Build.0 = Release|x86
		{8C013D22-B680-426E-A4B4-ECDC870117DB}.Ad-Hoc|Any CPU.Deploy.0 = Release|x86
		{8C013D22-B680-426E-A4B4-ECDC870117DB}.Ad-Hoc|ARM.ActiveCfg = Release|ARM
		{8C013D22-B680-426E-A4B4-ECDC870117DB}.Ad-Hoc|ARM.Build.0 = Release|ARM
		{8C013D22-B680-426E-A4B4-ECDC870117DB}.Ad-Hoc|ARM.Deploy.0 = Release|ARM
		{8C013D22-B680-426E-A4B4-ECDC870117DB}.Ad-Hoc|iPhone.ActiveCfg = Release|x86
		{8C013D22-B680-426E-A4B4-ECDC870117DB}.Ad-Hoc|iPhone.Build.0 = Release|x86
		{8C013D22-B680-426E-A4B4-ECDC870117DB}.Ad-Hoc|iPhone.Deploy.0 = Release|x86
		{8C013D22-B680-426E-A4B4-ECDC870117DB}.Ad-Hoc|iPhoneSimulator.ActiveCfg = Release|x86
		{8C013D22-B680-426E-A4B4-ECDC870117DB}.Ad-Hoc|iPhoneSimulator.Build.0 = Release|x86
		{8C013D22-B680-426E-A4B4-ECDC870117DB}.Ad-Hoc|iPhoneSimulator.Deploy.0 = Release|x86
		{8C013D22-B680-426E-A4B4-ECDC870117DB}.Ad-Hoc|x64.ActiveCfg = Release|x64
		{8C013D22-B680-426E-A4B4-ECDC870117DB}.Ad-Hoc|x64.Build.0 = Release|x64
		{8C013D22-B680-426E-A4B4-ECDC870117DB}.Ad-Hoc|x64.Deploy.0 = Release|x64
		{8C013D22-B680-426E-A4B4-ECDC870117DB}.Ad-Hoc|x86.ActiveCfg = Release|x86
		{8C013D22-B680-426E-A4B4-ECDC870117DB}.Ad-Hoc|x86.Build.0 = Release|x86
		{8C013D22-B680-426E-A4B4-ECDC870117DB}.Ad-Hoc|x86.Deploy.0 = Release|x86
		{8C013D22-B680-426E-A4B4-ECDC870117DB}.AppStore|Any CPU.ActiveCfg = Release|x86
		{8C013D22-B680-426E-A4B4-ECDC870117DB}.AppStore|Any CPU.Build.0 = Release|x86
		{8C013D22-B680-426E-A4B4-ECDC870117DB}.AppStore|Any CPU.Deploy.0 = Release|x86
		{8C013D22-B680-426E-A4B4-ECDC870117DB}.AppStore|ARM.ActiveCfg = Release|ARM
		{8C013D22-B680-426E-A4B4-ECDC870117DB}.AppStore|ARM.Build.0 = Release|ARM
		{8C013D22-B680-426E-A4B4-ECDC870117DB}.AppStore|ARM.Deploy.0 = Release|ARM
		{8C013D22-B680-426E-A4B4-ECDC870117DB}.AppStore|iPhone.ActiveCfg = Release|x86
		{8C013D22-B680-426E-A4B4-ECDC870117DB}.AppStore|iPhone.Build.0 = Release|x86
		{8C013D22-B680-426E-A4B4-ECDC870117DB}.AppStore|iPhone.Deploy.0 = Release|x86
		{8C013D22-B680-426E-A4B4-ECDC870117DB}.AppStore|iPhoneSimulator.ActiveCfg = Release|x86
		{8C013D22-B680-426E-A4B4-ECDC870117DB}.AppStore|iPhoneSimulator.Build.0 = Release|x86
		{8C013D22-B680-426E-A4B4-ECDC870117DB}.AppStore|iPhoneSimulator.Deploy.0 = Release|x86
		{8C013D22-B680-426E-A4B4-ECDC870117DB}.AppStore|x64.ActiveCfg = Release|x64
		{8C013D22-B680-426E-A4B4-ECDC870117DB}.AppStore|x64.Build.0 = Release|x64
		{8C013D22-B680-426E-A4B4-ECDC870117DB}.AppStore|x64.Deploy.0 = Release|x64
		{8C013D22-B680-426E-A4B4-ECDC870117DB}.AppStore|x86.ActiveCfg = Release|x86
		{8C013D22-B680-426E-A4B4-ECDC870117DB}.AppStore|x86.Build.0 = Release|x86
		{8C013D22-B680-426E-A4B4-ECDC870117DB}.AppStore|x86.Deploy.0 = Release|x86
		{8C013D22-B680-426E-A4B4-ECDC870117DB}.Debug|Any CPU.ActiveCfg = Debug|x86
		{8C013D22-B680-426E-A4B4-ECDC870117DB}.Debug|ARM.ActiveCfg = Debug|ARM
		{8C013D22-B680-426E-A4B4-ECDC870117DB}.Debug|ARM.Build.0 = Debug|ARM
		{8C013D22-B680-426E-A4B4-ECDC870117DB}.Debug|ARM.Deploy.0 = Debug|ARM
		{8C013D22-B680-426E-A4B4-ECDC870117DB}.Debug|iPhone.ActiveCfg = Debug|x86
		{8C013D22-B680-426E-A4B4-ECDC870117DB}.Debug|iPhoneSimulator.ActiveCfg = Debug|x86
		{8C013D22-B680-426E-A4B4-ECDC870117DB}.Debug|x64.ActiveCfg = Debug|x64
		{8C013D22-B680-426E-A4B4-ECDC870117DB}.Debug|x64.Build.0 = Debug|x64
		{8C013D22-B680-426E-A4B4-ECDC870117DB}.Debug|x64.Deploy.0 = Debug|x64
		{8C013D22-B680-426E-A4B4-ECDC870117DB}.Debug|x86.ActiveCfg = Debug|x86
		{8C013D22-B680-426E-A4B4-ECDC870117DB}.Debug|x86.Build.0 = Debug|x86
		{8C013D22-B680-426E-A4B4-ECDC870117DB}.Debug|x86.Deploy.0 = Debug|x86
		{8C013D22-B680-426E-A4B4-ECDC870117DB}.Release|Any CPU.ActiveCfg = Release|x86
		{8C013D22-B680-426E-A4B4-ECDC870117DB}.Release|ARM.ActiveCfg = Release|ARM
		{8C013D22-B680-426E-A4B4-ECDC870117DB}.Release|ARM.Build.0 = Release|ARM
		{8C013D22-B680-426E-A4B4-ECDC870117DB}.Release|ARM.Deploy.0 = Release|ARM
		{8C013D22-B680-426E-A4B4-ECDC870117DB}.Release|iPhone.ActiveCfg = Release|x86
		{8C013D22-B680-426E-A4B4-ECDC870117DB}.Release|iPhoneSimulator.ActiveCfg = Release|x86
		{8C013D22-B680-426E-A4B4-ECDC870117DB}.Release|x64.ActiveCfg = Release|x64
		{8C013D22-B680-426E-A4B4-ECDC870117DB}.Release|x64.Build.0 = Release|x64
		{8C013D22-B680-426E-A4B4-ECDC870117DB}.Release|x64.Deploy.0 = Release|x64
		{8C013D22-B680-426E-A4B4-ECDC870117DB}.Release|x86.ActiveCfg = Release|x86
		{8C013D22-B680-426E-A4B4-ECDC870117DB}.Release|x86.Build.0 = Release|x86
		{8C013D22-B680-426E-A4B4-ECDC870117DB}.Release|x86.Deploy.0 = Release|x86
	EndGlobalSection
	GlobalSection(SolutionProperties) = preSolution
		HideSolutionNode = FALSE
	EndGlobalSection
EndGlobal
